
Microsoft Visual Studio Solution File, Format Version 12.00
# Visual Studio Version 17
VisualStudioVersion = 17.9.34723.18
MinimumVisualStudioVersion = 10.0.40219.1
Project("{9A19103F-16F7-4668-BE54-9A1E7A4F7556}") = "EventsApp", "EventsApp\EventsApp.csproj", "{D29DF93D-FA71-4CA9-8BF7-4FD8C5B58E85}"
EndProject
Project("{9A19103F-16F7-4668-BE54-9A1E7A4F7556}") = "EventsAppTests", "EventsAppTests\EventsAppTests.csproj", "{2B239D54-D487-4FF3-82B2-C330CC099B55}"
EndProject
Project("{FAE04EC0-301F-11D3-BF4B-00C04F79EFBC}") = "EventsAppTests_XUnitTest", "EventsAppTests_XUnitTest\EventsAppTests_XUnitTest.csproj", "{C1D74DF3-EB12-4237-8CA0-21F06121985C}"
EndProject
Global
	GlobalSection(SolutionConfigurationPlatforms) = preSolution
		Debug|Any CPU = Debug|Any CPU
		Release|Any CPU = Release|Any CPU
	EndGlobalSection
	GlobalSection(ProjectConfigurationPlatforms) = postSolution
		{D29DF93D-FA71-4CA9-8BF7-4FD8C5B58E85}.Debug|Any CPU.ActiveCfg = Debug|Any CPU
		{D29DF93D-FA71-4CA9-8BF7-4FD8C5B58E85}.Debug|Any CPU.Build.0 = Debug|Any CPU
		{D29DF93D-FA71-4CA9-8BF7-4FD8C5B58E85}.Debug|Any CPU.Deploy.0 = Debug|Any CPU
		{D29DF93D-FA71-4CA9-8BF7-4FD8C5B58E85}.Release|Any CPU.ActiveCfg = Release|Any CPU
		{D29DF93D-FA71-4CA9-8BF7-4FD8C5B58E85}.Release|Any CPU.Build.0 = Release|Any CPU
		{D29DF93D-FA71-4CA9-8BF7-4FD8C5B58E85}.Release|Any CPU.Deploy.0 = Release|Any CPU
		{2B239D54-D487-4FF3-82B2-C330CC099B55}.Debug|Any CPU.ActiveCfg = Debug|Any CPU
		{2B239D54-D487-4FF3-82B2-C330CC099B55}.Debug|Any CPU.Build.0 = Debug|Any CPU
		{2B239D54-D487-4FF3-82B2-C330CC099B55}.Release|Any CPU.ActiveCfg = Release|Any CPU
		{2B239D54-D487-4FF3-82B2-C330CC099B55}.Release|Any CPU.Build.0 = Release|Any CPU
		{C1D74DF3-EB12-4237-8CA0-21F06121985C}.Debug|Any CPU.ActiveCfg = Debug|Any CPU
		{C1D74DF3-EB12-4237-8CA0-21F06121985C}.Debug|Any CPU.Build.0 = Debug|Any CPU
		{C1D74DF3-EB12-4237-8CA0-21F06121985C}.Release|Any CPU.ActiveCfg = Release|Any CPU
		{C1D74DF3-EB12-4237-8CA0-21F06121985C}.Release|Any CPU.Build.0 = Release|Any CPU
	EndGlobalSection
	GlobalSection(SolutionProperties) = preSolution
		HideSolutionNode = FALSE
	EndGlobalSection
	GlobalSection(ExtensibilityGlobals) = postSolution
		SolutionGuid = {0E66A159-6D75-48C9-8B7D-16C1A875B994}
	EndGlobalSection
EndGlobal
